
Microsoft Visual Studio Solution File, Format Version 12.00
# Visual Studio Version 17
VisualStudioVersion = 17.0.31912.275
MinimumVisualStudioVersion = 10.0.40219.1
Project("{FAE04EC0-301F-11D3-BF4B-00C04F79EFBC}") = "Image to shulkers", "Image to shulkers\Image to shulkers.csproj", "{44705371-D343-4396-8A37-D971567E6037}"
EndProject
Global
	GlobalSection(SolutionConfigurationPlatforms) = preSolution
		Debug|Any CPU = Debug|Any CPU
		Release|Any CPU = Release|Any CPU
	EndGlobalSection
	GlobalSection(ProjectConfigurationPlatforms) = postSolution
		{44705371-D343-4396-8A37-D971567E6037}.Debug|Any CPU.ActiveCfg = Debug|Any CPU
		{44705371-D343-4396-8A37-D971567E6037}.Debug|Any CPU.Build.0 = Debug|Any CPU
		{44705371-D343-4396-8A37-D971567E6037}.Release|Any CPU.ActiveCfg = Release|Any CPU
		{44705371-D343-4396-8A37-D971567E6037}.Release|Any CPU.Build.0 = Release|Any CPU
	EndGlobalSection
	GlobalSection(SolutionProperties) = preSolution
		HideSolutionNode = FALSE
	EndGlobalSection
	GlobalSection(ExtensibilityGlobals) = postSolution
		SolutionGuid = {3582759A-8768-4224-B4DB-AE2FBDAE0C48}
	EndGlobalSection
EndGlobal
